<?xml version="1.0" encoding="utf-8"?>
<Project ToolsVersion="4.0" xmlns="http://schemas.microsoft.com/developer/msbuild/2003">
  <ItemGroup>
    <Filter Include="Source Files">
      <UniqueIdentifier>{4FC737F1-C7A5-4376-A066-2A32D752A2FF}</UniqueIdentifier>
      <Extensions>cpp;c;cc;cxx;def;odl;idl;hpj;bat;asm;asmx</Extensions>
    </Filter>
    <Filter Include="Header Files">
      <UniqueIdentifier>{93995380-89BD-4b04-88EB-625FBE52EBFB}</UniqueIdentifier>
      <Extensions>h;hh;hpp;hxx;hm;inl;inc;xsd</Extensions>
    </Filter>
    <Filter Include="Resource Files">
      <UniqueIdentifier>{67DA6AB6-F800-4c08-8B7A-83BB121AAD01}</UniqueIdentifier>
      <Extensions>rc;ico;cur;bmp;dlg;rc2;rct;bin;rgs;gif;jpg;jpeg;jpe;resx;tiff;tif;png;wav</Extensions>
    </Filter>
    <Filter Include="States">
      <UniqueIdentifier>{2b6cfe3b-961e-437a-95bc-fd8ea929b6a1}</UniqueIdentifier>
    </Filter>
    <Filter Include="Snake">
      <UniqueIdentifier>{626fbb0e-6bc4-44c9-8749-ff3209ad7955}</UniqueIdentifier>
    </Filter>
    <Filter Include="Context">
      <UniqueIdentifier>{6ae87783-5774-4362-ba02-2c9c4000ef70}</UniqueIdentifier>
    </Filter>
    <Filter Include="RessourceManager">
      <UniqueIdentifier>{a38bcfd4-42f6-48ea-a4ed-98bd8008eeac}</UniqueIdentifier>
    </Filter>
    <Filter Include="sprite">
      <UniqueIdentifier>{80e72bc5-a917-4aed-b7bb-d33e5ef171df}</UniqueIdentifier>
    </Filter>
    <Filter Include="Algorithms">
      <UniqueIdentifier>{90c592b9-ab26-4e57-8108-35bff7159a14}</UniqueIdentifier>
    </Filter>
    <Filter Include="path">
      <UniqueIdentifier>{6fefbc02-d920-4b9d-8c29-c1e1928efd84}</UniqueIdentifier>
    </Filter>
  </ItemGroup>
  <ItemGroup>
    <Image Include="assets\zombie.png">
      <Filter>Resource Files</Filter>
    </Image>
  </ItemGroup>
  <ItemGroup>
    <None Include="ClassDiagram.cd" />
    <None Include="Node.h">
      <Filter>path</Filter>
    </None>
  </ItemGroup>
  <ItemGroup>
    <ClCompile Include="Game.cpp">
      <Filter>Source Files</Filter>
    </ClCompile>
    <ClCompile Include="main.cpp">
      <Filter>Source Files</Filter>
    </ClCompile>
    <ClCompile Include="State_Game.cpp">
      <Filter>States</Filter>
    </ClCompile>
    <ClCompile Include="State_Intro.cpp">
      <Filter>States</Filter>
    </ClCompile>
    <ClCompile Include="State_Main.cpp">
      <Filter>States</Filter>
    </ClCompile>
    <ClCompile Include="State_Paused.cpp">
      <Filter>States</Filter>
    </ClCompile>
    <ClCompile Include="Snake.cpp">
      <Filter>Snake</Filter>
    </ClCompile>
    <ClCompile Include="World.cpp">
      <Filter>Snake</Filter>
    </ClCompile>
    <ClCompile Include="EventManager.cpp">
      <Filter>Context</Filter>
    </ClCompile>
    <ClCompile Include="Window.cpp">
      <Filter>Context</Filter>
    </ClCompile>
    <ClCompile Include="StateManager.cpp">
      <Filter>States</Filter>
    </ClCompile>
    <ClCompile Include="Anim_Base.cpp">
      <Filter>sprite</Filter>
    </ClCompile>
    <ClCompile Include="SpriteSheet.cpp">
      <Filter>sprite</Filter>
    </ClCompile>
    <ClCompile Include="Anim_Direction.cpp">
      <Filter>sprite</Filter>
    </ClCompile>
    <ClCompile Include="State_Path.cpp">
      <Filter>path</Filter>
    </ClCompile>
    <ClCompile Include="Graph.cpp">
      <Filter>path</Filter>
    </ClCompile>
    <ClCompile Include="Node.cpp">
      <Filter>path</Filter>
    </ClCompile>
  </ItemGroup>
  <ItemGroup>
    <ClInclude Include="Game.h">
      <Filter>Header Files</Filter>
    </ClInclude>
    <ClInclude Include="State_Game.h">
      <Filter>States</Filter>
    </ClInclude>
    <ClInclude Include="State_Intro.h">
      <Filter>States</Filter>
    </ClInclude>
    <ClInclude Include="State_Main.h">
      <Filter>States</Filter>
    </ClInclude>
    <ClInclude Include="State_Paused.h">
      <Filter>States</Filter>
    </ClInclude>
    <ClInclude Include="BaseState.h">
      <Filter>States</Filter>
    </ClInclude>
    <ClInclude Include="World.h">
      <Filter>Snake</Filter>
    </ClInclude>
    <ClInclude Include="Snake.h">
      <Filter>Snake</Filter>
    </ClInclude>
    <ClInclude Include="Utilities.h">
      <Filter>Header Files</Filter>
    </ClInclude>
    <ClInclude Include="Window.h">
      <Filter>Context</Filter>
    </ClInclude>
    <ClInclude Include="StateManager.h">
      <Filter>States</Filter>
    </ClInclude>
    <ClInclude Include="EventManager.h">
      <Filter>Context</Filter>
    </ClInclude>
    <ClInclude Include="ResourceManager.h">
      <Filter>RessourceManager</Filter>
    </ClInclude>
    <ClInclude Include="TextureManager.h">
      <Filter>RessourceManager</Filter>
    </ClInclude>
    <ClInclude Include="Anim_Base.h">
      <Filter>sprite</Filter>
    </ClInclude>
    <ClInclude Include="SpriteSheet.h">
      <Filter>sprite</Filter>
    </ClInclude>
    <ClInclude Include="Direction.h">
      <Filter>Header Files</Filter>
    </ClInclude>
    <ClInclude Include="Anim_Direction.h">
      <Filter>sprite</Filter>
    </ClInclude>
    <ClInclude Include="State_Path.h">
      <Filter>path</Filter>
    </ClInclude>
    <ClInclude Include="Graph.h">
      <Filter>path</Filter>
    </ClInclude>
    <ClInclude Include="Heap.h">
      <Filter>Header Files</Filter>
    </ClInclude>
    <ClInclude Include="blocks.h">
      <Filter>path</Filter>
    </ClInclude>
  </ItemGroup>
</Project>